
Microsoft Visual Studio Solution File, Format Version 12.00
# Visual Studio Version 17
VisualStudioVersion = 17.9.34310.174
MinimumVisualStudioVersion = 10.0.40219.1
Project("{FAE04EC0-301F-11D3-BF4B-00C04F79EFBC}") = "Crud-api", "Crud-api\Crud-api.csproj", "{7E02A7DA-5804-4478-8E37-E2B95E97C888}"
EndProject
Global
	GlobalSection(SolutionConfigurationPlatforms) = preSolution
		Debug|Any CPU = Debug|Any CPU
		Release|Any CPU = Release|Any CPU
	EndGlobalSection
	GlobalSection(ProjectConfigurationPlatforms) = postSolution
		{7E02A7DA-5804-4478-8E37-E2B95E97C888}.Debug|Any CPU.ActiveCfg = Debug|Any CPU
		{7E02A7DA-5804-4478-8E37-E2B95E97C888}.Debug|Any CPU.Build.0 = Debug|Any CPU
		{7E02A7DA-5804-4478-8E37-E2B95E97C888}.Release|Any CPU.ActiveCfg = Release|Any CPU
		{7E02A7DA-5804-4478-8E37-E2B95E97C888}.Release|Any CPU.Build.0 = Release|Any CPU
	EndGlobalSection
	GlobalSection(SolutionProperties) = preSolution
		HideSolutionNode = FALSE
	EndGlobalSection
	GlobalSection(ExtensibilityGlobals) = postSolution
		SolutionGuid = {6A174AED-7C0E-4FDA-B9D9-15D37822D2E1}
	EndGlobalSection
EndGlobal
